
Microsoft Visual Studio Solution File, Format Version 12.00
# Visual Studio Version 17
VisualStudioVersion = 17.10.35013.160
MinimumVisualStudioVersion = 10.0.40219.1
Project("{FAE04EC0-301F-11D3-BF4B-00C04F79EFBC}") = "zadanie_2_TK", "zadanie_2_TK\zadanie_2_TK.csproj", "{4101E856-06CA-40D2-9CF1-278575F05719}"
EndProject
Project("{FAE04EC0-301F-11D3-BF4B-00C04F79EFBC}") = "ExamScoreCalculator.Tests", "ExamScoreCalculator.Tests\ExamScoreCalculator.Tests.csproj", "{1F5A1B7C-C28A-4761-84A3-8817C9F7D910}"
EndProject
Global
	GlobalSection(SolutionConfigurationPlatforms) = preSolution
		Debug|Any CPU = Debug|Any CPU
		Release|Any CPU = Release|Any CPU
	EndGlobalSection
	GlobalSection(ProjectConfigurationPlatforms) = postSolution
		{4101E856-06CA-40D2-9CF1-278575F05719}.Debug|Any CPU.ActiveCfg = Debug|Any CPU
		{4101E856-06CA-40D2-9CF1-278575F05719}.Debug|Any CPU.Build.0 = Debug|Any CPU
		{4101E856-06CA-40D2-9CF1-278575F05719}.Release|Any CPU.ActiveCfg = Release|Any CPU
		{4101E856-06CA-40D2-9CF1-278575F05719}.Release|Any CPU.Build.0 = Release|Any CPU
		{1F5A1B7C-C28A-4761-84A3-8817C9F7D910}.Debug|Any CPU.ActiveCfg = Debug|Any CPU
		{1F5A1B7C-C28A-4761-84A3-8817C9F7D910}.Debug|Any CPU.Build.0 = Debug|Any CPU
		{1F5A1B7C-C28A-4761-84A3-8817C9F7D910}.Release|Any CPU.ActiveCfg = Release|Any CPU
		{1F5A1B7C-C28A-4761-84A3-8817C9F7D910}.Release|Any CPU.Build.0 = Release|Any CPU
	EndGlobalSection
	GlobalSection(SolutionProperties) = preSolution
		HideSolutionNode = FALSE
	EndGlobalSection
	GlobalSection(ExtensibilityGlobals) = postSolution
		SolutionGuid = {A451FBD5-E9C6-44D2-BF00-BAF5DD9C6ADF}
	EndGlobalSection
EndGlobal
